
Microsoft Visual Studio Solution File, Format Version 12.00
# Visual Studio Version 16
VisualStudioVersion = 16.0.32228.343
MinimumVisualStudioVersion = 10.0.40219.1
Project("{FAE04EC0-301F-11D3-BF4B-00C04F79EFBC}") = "HelloWorld", "HelloWorld\HelloWorld.csproj", "{791DDF5E-6467-443B-A6A5-AF7F204D7DBA}"
EndProject
Global
	GlobalSection(SolutionConfigurationPlatforms) = preSolution
		Debug|Any CPU = Debug|Any CPU
		Release|Any CPU = Release|Any CPU
	EndGlobalSection
	GlobalSection(ProjectConfigurationPlatforms) = postSolution
		{791DDF5E-6467-443B-A6A5-AF7F204D7DBA}.Debug|Any CPU.ActiveCfg = Debug|Any CPU
		{791DDF5E-6467-443B-A6A5-AF7F204D7DBA}.Debug|Any CPU.Build.0 = Debug|Any CPU
		{791DDF5E-6467-443B-A6A5-AF7F204D7DBA}.Release|Any CPU.ActiveCfg = Release|Any CPU
		{791DDF5E-6467-443B-A6A5-AF7F204D7DBA}.Release|Any CPU.Build.0 = Release|Any CPU
	EndGlobalSection
	GlobalSection(SolutionProperties) = preSolution
		HideSolutionNode = FALSE
	EndGlobalSection
	GlobalSection(ExtensibilityGlobals) = postSolution
		SolutionGuid = {9E194DD6-2660-4C0F-9FF4-3A117B831BF1}
	EndGlobalSection
EndGlobal
